
Microsoft Visual Studio Solution File, Format Version 12.00
# Visual Studio 15
VisualStudioVersion = 15.0.26228.9
MinimumVisualStudioVersion = 10.0.40219.1
Project("{FAE04EC0-301F-11D3-BF4B-00C04F79EFBC}") = "ExampleBot", "ExampleBot.csproj", "{03FADD08-6058-4943-A40D-EC7405FD8848}"
EndProject
Project("{2150E333-8FDC-42A3-9474-1A3956D46DE8}") = "Solution Items", "Solution Items", "{A002CBB7-EB8F-4D2A-90A1-3D9EB3E8E0A1}"
	ProjectSection(SolutionItems) = preProject
		config.json = config.json
	EndProjectSection
EndProject
Global
	GlobalSection(SolutionConfigurationPlatforms) = preSolution
		Debug|Any CPU = Debug|Any CPU
		Release|Any CPU = Release|Any CPU
	EndGlobalSection
	GlobalSection(ProjectConfigurationPlatforms) = postSolution
		{03FADD08-6058-4943-A40D-EC7405FD8848}.Debug|Any CPU.ActiveCfg = Debug|Any CPU
		{03FADD08-6058-4943-A40D-EC7405FD8848}.Debug|Any CPU.Build.0 = Debug|Any CPU
		{03FADD08-6058-4943-A40D-EC7405FD8848}.Release|Any CPU.ActiveCfg = Release|Any CPU
		{03FADD08-6058-4943-A40D-EC7405FD8848}.Release|Any CPU.Build.0 = Release|Any CPU
	EndGlobalSection
	GlobalSection(SolutionProperties) = preSolution
		HideSolutionNode = FALSE
	EndGlobalSection
EndGlobal
